{
  "requires": true,
  "lockfileVersion": 1,
  "dependencies": {
    "blueimp-canvas-to-blob": {
      "version": "3.17.0",
      "resolved": "https://registry.npmjs.org/blueimp-canvas-to-blob/-/blueimp-canvas-to-blob-3.17.0.tgz",
      "integrity": "sha512-LcuVZZtKtE4yUrLb0IQA7ndMm19gooDTrzvjjkvmQ1MhkFlSzTw+8Ftp+/ckfGeP2UDQvDsPyy8mIT69itAqbg=="
    },
    "blueimp-file-upload": {
      "version": "10.6.0",
      "resolved": "https://registry.npmjs.org/blueimp-file-upload/-/blueimp-file-upload-10.6.0.tgz",
      "integrity": "sha512-tiKwkpAlcn0wu76f3NfSDtOZJf3fWViIvaOfA9yBu1C101h5CQ0ChDCOwauT9r8xip/9zmt/2QWzL34oANmSAQ==",
      "requires": {
        "blueimp-canvas-to-blob": "3",
        "blueimp-load-image": "2",
        "blueimp-tmpl": "3"
      }
    },
    "blueimp-load-image": {
      "version": "2.26.0",
      "resolved": "https://registry.npmjs.org/blueimp-load-image/-/blueimp-load-image-2.26.0.tgz",
      "integrity": "sha512-pL7SYdK9ZxBFmFiEoh91PIYccU9IzytQ8goIUgc+5RW6vYVyvpGRUltefceeoNyLARbF8QXiYimHp6kgjZ/IBg=="
    },
    "blueimp-tmpl": {
      "version": "3.13.0",
      "resolved": "https://registry.npmjs.org/blueimp-tmpl/-/blueimp-tmpl-3.13.0.tgz",
      "integrity": "sha512-TC5eLXhPGGgBJG1gGxKRORB5DMxSVSTS/GsqsQuJ+shv0Ez5wc9bjoXVhPqtdbzVZAzFvveasAMrjqEYY/18Og=="
    },
    "cloudinary-jquery-file-upload": {
      "version": "2.8.0",
      "resolved": "https://registry.npmjs.org/cloudinary-jquery-file-upload/-/cloudinary-jquery-file-upload-2.8.0.tgz",
      "integrity": "sha512-a3jNB9MlfxLq9Nj/x+FTQ/QHElyVi/fWqophEF+vKKAj8s/ZOfqPCzuhHRbyfaMFQlSD5Zn3L40Q1OEysNQqZA=="
    },
    "jquery": {
      "version": "3.4.1",
      "resolved": "https://registry.npmjs.org/jquery/-/jquery-3.4.1.tgz",
      "integrity": "sha512-36+AdBzCL+y6qjw5Tx7HgzeGCzC81MDDgaUP8ld2zhx58HdqXGoBd+tHdrBMiyjGQs0Hxs/MLZTu/eHNJJuWPw=="
    }
  }
}
